
Microsoft Visual Studio Solution File, Format Version 12.00
# Visual Studio 15
VisualStudioVersion = 15.0.27130.2010
MinimumVisualStudioVersion = 10.0.40219.1
Project("{FAE04EC0-301F-11D3-BF4B-00C04F79EFBC}") = "NoIdentity", "NoIdentity\NoIdentity.csproj", "{59B00A04-EC1B-44AB-8C81-561E9ACA1D4B}"
EndProject
Project("{FAE04EC0-301F-11D3-BF4B-00C04F79EFBC}") = "NoIdentity.Business", "NoIdentity.Business\NoIdentity.Business.csproj", "{F3068BAB-9BD8-4AF0-BF8F-805B634A9D9B}"
EndProject
Project("{FAE04EC0-301F-11D3-BF4B-00C04F79EFBC}") = "NoIdentity.DataAccess", "NoIdentity.DataAccess\NoIdentity.DataAccess.csproj", "{B804DD19-AAD3-424B-BA00-822C1EB94FE2}"
EndProject
Project("{2150E333-8FDC-42A3-9474-1A3956D46DE8}") = "Source", "Source", "{1343C0BB-A323-439F-B65A-46EDF310B00F}"
EndProject
Global
	GlobalSection(SolutionConfigurationPlatforms) = preSolution
		Debug|Any CPU = Debug|Any CPU
		Release|Any CPU = Release|Any CPU
	EndGlobalSection
	GlobalSection(ProjectConfigurationPlatforms) = postSolution
		{59B00A04-EC1B-44AB-8C81-561E9ACA1D4B}.Debug|Any CPU.ActiveCfg = Debug|Any CPU
		{59B00A04-EC1B-44AB-8C81-561E9ACA1D4B}.Debug|Any CPU.Build.0 = Debug|Any CPU
		{59B00A04-EC1B-44AB-8C81-561E9ACA1D4B}.Release|Any CPU.ActiveCfg = Release|Any CPU
		{59B00A04-EC1B-44AB-8C81-561E9ACA1D4B}.Release|Any CPU.Build.0 = Release|Any CPU
		{F3068BAB-9BD8-4AF0-BF8F-805B634A9D9B}.Debug|Any CPU.ActiveCfg = Debug|Any CPU
		{F3068BAB-9BD8-4AF0-BF8F-805B634A9D9B}.Debug|Any CPU.Build.0 = Debug|Any CPU
		{F3068BAB-9BD8-4AF0-BF8F-805B634A9D9B}.Release|Any CPU.ActiveCfg = Release|Any CPU
		{F3068BAB-9BD8-4AF0-BF8F-805B634A9D9B}.Release|Any CPU.Build.0 = Release|Any CPU
		{B804DD19-AAD3-424B-BA00-822C1EB94FE2}.Debug|Any CPU.ActiveCfg = Debug|Any CPU
		{B804DD19-AAD3-424B-BA00-822C1EB94FE2}.Debug|Any CPU.Build.0 = Debug|Any CPU
		{B804DD19-AAD3-424B-BA00-822C1EB94FE2}.Release|Any CPU.ActiveCfg = Release|Any CPU
		{B804DD19-AAD3-424B-BA00-822C1EB94FE2}.Release|Any CPU.Build.0 = Release|Any CPU
	EndGlobalSection
	GlobalSection(SolutionProperties) = preSolution
		HideSolutionNode = FALSE
	EndGlobalSection
	GlobalSection(NestedProjects) = preSolution
		{59B00A04-EC1B-44AB-8C81-561E9ACA1D4B} = {1343C0BB-A323-439F-B65A-46EDF310B00F}
		{F3068BAB-9BD8-4AF0-BF8F-805B634A9D9B} = {1343C0BB-A323-439F-B65A-46EDF310B00F}
		{B804DD19-AAD3-424B-BA00-822C1EB94FE2} = {1343C0BB-A323-439F-B65A-46EDF310B00F}
	EndGlobalSection
	GlobalSection(ExtensibilityGlobals) = postSolution
		SolutionGuid = {3DD17162-6503-4475-89F5-F3D355A7D86C}
	EndGlobalSection
EndGlobal
